github.com/creack/pty v1.1.9/go.mod h1:oKZEueFk5CKHvIhNR5MUki03XCEU+Q6VDXinZuGJ33E=
github.com/fortytw2/leaktest v1.3.0 h1:u8491cBMTQ8ft8aeV+adlcytMZylmA5nnwwkRZjI8vw=
github.com/fortytw2/leaktest v1.3.0/go.mod h1:jDsjWgpAGjm2CA7WthBh/CdZYEPF31XHquHwclZch5g=
github.com/google/uuid v1.3.0 h1:t6JiXgmwXMjEs8VusXIJk2BXHsn+wx8BZdTaoZ5fu7I=
github.com/google/uuid v1.3.0/go.mod h1:TIyPZe4MgqvfeYDBFedMoGGpEw/LqOeaOT+nhxU+yHo=
github.com/kr/pretty v0.2.1 h1:Fmg33tUaq4/8ym9TJN1x7sLJnHVwhP33CNkpYV/7rwI=
github.com/kr/pretty v0.2.1/go.mod h1:ipq/a2n7PKx3OHsz4KJII5eveXtPO4qwEXGdVfWzfnI=
github.com/kr/pty v1.1.1/go.mod h1:pFQYn66WHrOpPYNljwOMqo10TkYh1fy3cYio2l3bCsQ=
github.com/kr/text v0.1.0/go.mod h1:4Jbv+DJW3UT/LiOwJeYQe1efqtUx/iVham/4vfdArNI=
github.com/kr/text v0.2.0 h1:5Nx0Ya0ZqY2ygV366QzturHI13Jq95ApcVaJBhpS+AY=
github.com/kr/text v0.2.0/go.mod h1:eLer722TekiGuMkidMxC/pM04lWEeraHUUmBw8l2grE=
github.com/rstudio/platform-lib/pkg/rselection v0.1.1 h1:E+VEj60klP6YtieIcsFrky3psWj9fuGr2I4pD5nufwM=
github.com/rstudio/platform-lib/pkg/rselection v0.1.1/go.mod h1:zEsimUApFo5sSm70k30C+Y2WZp0yxCMVtq++LP4Q5zc=
github.com/rstudio/platform-lib/pkg/rsnotify v1.5.2 h1:oX1TUpR8qk+efXjhEV7VUAlx80T9AUeTm6mphujjaUM=
github.com/rstudio/platform-lib/pkg/rsnotify v1.5.2/go.mod h1:E08/ghHltd4Br1qUugNgEUG49NaNWKw/kswJOrmyEtM=
github.com/rstudio/platform-lib/pkg/rsnotify/listeners/local v1.4.1 h1:65BsZFFHKW9Bm0MBi3Jw7a72C2XqRnmA+519Cm+6zFk=
github.com/rstudio/platform-lib/pkg/rsnotify/listeners/local v1.4.1/go.mod h1:3fj43uPHSrY30ZJmAgbSmmy9d7heQVnL/MXVwOz+5Pc=
gopkg.in/check.v1 v1.0.0-20201130134442-10cb98267c6c h1:Hei/4ADfdWqJk1ZMxUNpqntNwaWcugrBjAiHlqqRiVk=
gopkg.in/check.v1 v1.0.0-20201130134442-10cb98267c6c/go.mod h1:JHkPIbrfpd72SG/EVd6muEfDQjcINNoR0C8j2r3qZ4Q=
